
Microsoft Visual Studio Solution File, Format Version 12.00
# Visual Studio Version 16
VisualStudioVersion = 16.0.30503.244
MinimumVisualStudioVersion = 10.0.40219.1
Project("{FAE04EC0-301F-11D3-BF4B-00C04F79EFBC}") = "StudentControl", "StudentControl.csproj", "{28ECF008-0AA5-48E8-902B-C8ED9EE76A86}"
EndProject
Global
	GlobalSection(SolutionConfigurationPlatforms) = preSolution
		Debug|Any CPU = Debug|Any CPU
		Release|Any CPU = Release|Any CPU
	EndGlobalSection
	GlobalSection(ProjectConfigurationPlatforms) = postSolution
		{28ECF008-0AA5-48E8-902B-C8ED9EE76A86}.Debug|Any CPU.ActiveCfg = Debug|Any CPU
		{28ECF008-0AA5-48E8-902B-C8ED9EE76A86}.Debug|Any CPU.Build.0 = Debug|Any CPU
		{28ECF008-0AA5-48E8-902B-C8ED9EE76A86}.Release|Any CPU.ActiveCfg = Release|Any CPU
		{28ECF008-0AA5-48E8-902B-C8ED9EE76A86}.Release|Any CPU.Build.0 = Release|Any CPU
	EndGlobalSection
	GlobalSection(SolutionProperties) = preSolution
		HideSolutionNode = FALSE
	EndGlobalSection
	GlobalSection(ExtensibilityGlobals) = postSolution
		SolutionGuid = {0D6A33C9-F75F-44F0-AED4-008EE3B4F5FB}
	EndGlobalSection
EndGlobal
